// !$*UTF8*$!
{
	archiveVersion = 1;
	classes = {
	};
	objectVersion = 46;
	objects = {

/* Begin PBXBuildFile section */
		C036EC001F79705100B25DFF /* AppDelegate.swift in Sources */ = {isa = PBXBuildFile; fileRef = C036EBFF1F79705100B25DFF /* AppDelegate.swift */; };
		C036EC051F79705100B25DFF /* Main.storyboard in Resources */ = {isa = PBXBuildFile; fileRef = C036EC031F79705100B25DFF /* Main.storyboard */; };
		C036EC071F79705100B25DFF /* Assets.xcassets in Resources */ = {isa = PBXBuildFile; fileRef = C036EC061F79705100B25DFF /* Assets.xcassets */; };
		C036EC0A1F79705100B25DFF /* LaunchScreen.storyboard in Resources */ = {isa = PBXBuildFile; fileRef = C036EC081F79705100B25DFF /* LaunchScreen.storyboard */; };
		C036EC151F79705100B25DFF /* KurkowskiSethCE7Tests.swift in Sources */ = {isa = PBXBuildFile; fileRef = C036EC141F79705100B25DFF /* KurkowskiSethCE7Tests.swift */; };
		C036EC201F7975CA00B25DFF /* zips.json in Resources */ = {isa = PBXBuildFile; fileRef = C036EC1F1F7975CA00B25DFF /* zips.json */; };
		C036EC221F7977F600B25DFF /* ResultsTableViewController.swift in Sources */ = {isa = PBXBuildFile; fileRef = C036EC211F7977F600B25DFF /* ResultsTableViewController.swift */; };
		C036EC241F79781700B25DFF /* SearchTableViewController.swift in Sources */ = {isa = PBXBuildFile; fileRef = C036EC231F79781700B25DFF /* SearchTableViewController.swift */; };
		C036EC261F797AB900B25DFF /* Results.swift in Sources */ = {isa = PBXBuildFile; fileRef = C036EC251F797AB900B25DFF /* Results.swift */; };
		C036EC281F7984AA00B25DFF /* TableViewCell.swift in Sources */ = {isa = PBXBuildFile; fileRef = C036EC271F7984AA00B25DFF /* TableViewCell.swift */; };
		C036EC2A1F798BD100B25DFF /* SearchTableViewController_EXT.swift in Sources */ = {isa = PBXBuildFile; fileRef = C036EC291F798BD100B25DFF /* SearchTableViewController_EXT.swift */; };
/* End PBXBuildFile section */

/* Begin PBXContainerItemProxy section */
		C036EC111F79705100B25DFF /* PBXContainerItemProxy */ = {
			isa = PBXContainerItemProxy;
			containerPortal = C036EBF41F79705100B25DFF /* Project object */;
			proxyType = 1;
			remoteGlobalIDString = C036EBFB1F79705100B25DFF;
			remoteInfo = KurkowskiSethCE7;
		};
/* End PBXContainerItemProxy section */

/* Begin PBXFileReference section */
		C036EBFC1F79705100B25DFF /* KurkowskiSethCE7.app */ = {isa = PBXFileReference; explicitFileType = wrapper.application; includeInIndex = 0; path = KurkowskiSethCE7.app; sourceTree = BUILT_PRODUCTS_DIR; };
		C036EBFF1F79705100B25DFF /* AppDelegate.swift */ = {isa = PBXFileReference; lastKnownFileType = sourcecode.swift; path = AppDelegate.swift; sourceTree = "<group>"; };
		C036EC041F79705100B25DFF /* Base */ = {isa = PBXFileReference; lastKnownFileType = file.storyboard; name = Base; path = Base.lproj/Main.storyboard; sourceTree = "<group>"; };
		C036EC061F79705100B25DFF /* Assets.xcassets */ = {isa = PBXFileReference; lastKnownFileType = folder.assetcatalog; path = Assets.xcassets; sourceTree = "<group>"; };
		C036EC091F79705100B25DFF /* Base */ = {isa = PBXFileReference; lastKnownFileType = file.storyboard; name = Base; path = Base.lproj/LaunchScreen.storyboard; sourceTree = "<group>"; };
		C036EC0B1F79705100B25DFF /* Info.plist */ = {isa = PBXFileReference; lastKnownFileType = text.plist.xml; path = Info.plist; sourceTree = "<group>"; };
		C036EC101F79705100B25DFF /* KurkowskiSethCE7Tests.xctest */ = {isa = PBXFileReference; explicitFileType = wrapper.cfbundle; includeInIndex = 0; path = KurkowskiSethCE7Tests.xctest; sourceTree = BUILT_PRODUCTS_DIR; };
		C036EC141F79705100B25DFF /* KurkowskiSethCE7Tests.swift */ = {isa = PBXFileReference; lastKnownFileType = sourcecode.swift; path = KurkowskiSethCE7Tests.swift; sourceTree = "<group>"; };
		C036EC161F79705100B25DFF /* Info.plist */ = {isa = PBXFileReference; lastKnownFileType = text.plist.xml; path = Info.plist; sourceTree = "<group>"; };
		C036EC1F1F7975CA00B25DFF /* zips.json */ = {isa = PBXFileReference; fileEncoding = 4; lastKnownFileType = text.json; path = zips.json; sourceTree = "<group>"; };
		C036EC211F7977F600B25DFF /* ResultsTableViewController.swift */ = {isa = PBXFileReference; fileEncoding = 4; lastKnownFileType = sourcecode.swift; path = ResultsTableViewController.swift; sourceTree = "<group>"; };
		C036EC231F79781700B25DFF /* SearchTableViewController.swift */ = {isa = PBXFileReference; fileEncoding = 4; lastKnownFileType = sourcecode.swift; path = SearchTableViewController.swift; sourceTree = "<group>"; };
		C036EC251F797AB900B25DFF /* Results.swift */ = {isa = PBXFileReference; fileEncoding = 4; lastKnownFileType = sourcecode.swift; path = Results.swift; sourceTree = "<group>"; };
		C036EC271F7984AA00B25DFF /* TableViewCell.swift */ = {isa = PBXFileReference; fileEncoding = 4; lastKnownFileType = sourcecode.swift; path = TableViewCell.swift; sourceTree = "<group>"; };
		C036EC291F798BD100B25DFF /* SearchTableViewController_EXT.swift */ = {isa = PBXFileReference; fileEncoding = 4; lastKnownFileType = sourcecode.swift; path = SearchTableViewController_EXT.swift; sourceTree = "<group>"; };
/* End PBXFileReference section */

/* Begin PBXFrameworksBuildPhase section */
		C036EBF91F79705100B25DFF /* Frameworks */ = {
			isa = PBXFrameworksBuildPhase;
			buildActionMask = 2147483647;
			files = (
			);
			runOnlyForDeploymentPostprocessing = 0;
		};
		C036EC0D1F79705100B25DFF /* Frameworks */ = {
			isa = PBXFrameworksBuildPhase;
			buildActionMask = 2147483647;
			files = (
			);
			runOnlyForDeploymentPostprocessing = 0;
		};
/* End PBXFrameworksBuildPhase section */

/* Begin PBXGroup section */
		C036EBF31F79705100B25DFF = {
			isa = PBXGroup;
			children = (
				C036EBFE1F79705100B25DFF /* KurkowskiSethCE7 */,
				C036EC131F79705100B25DFF /* KurkowskiSethCE7Tests */,
				C036EBFD1F79705100B25DFF /* Products */,
			);
			sourceTree = "<group>";
		};
		C036EBFD1F79705100B25DFF /* Products */ = {
			isa = PBXGroup;
			children = (
				C036EBFC1F79705100B25DFF /* KurkowskiSethCE7.app */,
				C036EC101F79705100B25DFF /* KurkowskiSethCE7Tests.xctest */,
			);
			name = Products;
			sourceTree = "<group>";
		};
		C036EBFE1F79705100B25DFF /* KurkowskiSethCE7 */ = {
			isa = PBXGroup;
			children = (
				C036EBFF1F79705100B25DFF /* AppDelegate.swift */,
				C036EC031F79705100B25DFF /* Main.storyboard */,
				C036EC061F79705100B25DFF /* Assets.xcassets */,
				C036EC081F79705100B25DFF /* LaunchScreen.storyboard */,
				C036EC0B1F79705100B25DFF /* Info.plist */,
				C036EC1F1F7975CA00B25DFF /* zips.json */,
				C036EC211F7977F600B25DFF /* ResultsTableViewController.swift */,
				C036EC231F79781700B25DFF /* SearchTableViewController.swift */,
				C036EC251F797AB900B25DFF /* Results.swift */,
				C036EC271F7984AA00B25DFF /* TableViewCell.swift */,
				C036EC291F798BD100B25DFF /* SearchTableViewController_EXT.swift */,
			);
			path = KurkowskiSethCE7;
			sourceTree = "<group>";
		};
		C036EC131F79705100B25DFF /* KurkowskiSethCE7Tests */ = {
			isa = PBXGroup;
			children = (
				C036EC141F79705100B25DFF /* KurkowskiSethCE7Tests.swift */,
				C036EC161F79705100B25DFF /* Info.plist */,
			);
			path = KurkowskiSethCE7Tests;
			sourceTree = "<group>";
		};
/* End PBXGroup section */

/* Begin PBXNativeTarget section */
		C036EBFB1F79705100B25DFF /* KurkowskiSethCE7 */ = {
			isa = PBXNativeTarget;
			buildConfigurationList = C036EC191F79705100B25DFF /* Build configuration list for PBXNativeTarget "KurkowskiSethCE7" */;
			buildPhases = (
				C036EBF81F79705100B25DFF /* Sources */,
				C036EBF91F79705100B25DFF /* Frameworks */,
				C036EBFA1F79705100B25DFF /* Resources */,
			);
			buildRules = (
			);
			dependencies = (
			);
			name = KurkowskiSethCE7;
			productName = KurkowskiSethCE7;
			productReference = C036EBFC1F79705100B25DFF /* KurkowskiSethCE7.app */;
			productType = "com.apple.product-type.application";
		};
		C036EC0F1F79705100B25DFF /* KurkowskiSethCE7Tests */ = {
			isa = PBXNativeTarget;
			buildConfigurationList = C036EC1C1F79705100B25DFF /* Build configuration list for PBXNativeTarget "KurkowskiSethCE7Tests" */;
			buildPhases = (
				C036EC0C1F79705100B25DFF /* Sources */,
				C036EC0D1F79705100B25DFF /* Frameworks */,
				C036EC0E1F79705100B25DFF /* Resources */,
			);
			buildRules = (
			);
			dependencies = (
				C036EC121F79705100B25DFF /* PBXTargetDependency */,
			);
			name = KurkowskiSethCE7Tests;
			productName = KurkowskiSethCE7Tests;
			productReference = C036EC101F79705100B25DFF /* KurkowskiSethCE7Tests.xctest */;
			productType = "com.apple.product-type.bundle.unit-test";
		};
/* End PBXNativeTarget section */

/* Begin PBXProject section */
		C036EBF41F79705100B25DFF /* Project object */ = {
			isa = PBXProject;
			attributes = {
				LastSwiftUpdateCheck = 0830;
				LastUpgradeCheck = 0830;
				ORGANIZATIONNAME = "Seth Kurkowski";
				TargetAttributes = {
					C036EBFB1F79705100B25DFF = {
						CreatedOnToolsVersion = 8.3.3;
						ProvisioningStyle = Automatic;
					};
					C036EC0F1F79705100B25DFF = {
						CreatedOnToolsVersion = 8.3.3;
						ProvisioningStyle = Automatic;
						TestTargetID = C036EBFB1F79705100B25DFF;
					};
				};
			};
			buildConfigurationList = C036EBF71F79705100B25DFF /* Build configuration list for PBXProject "KurkowskiSethCE7" */;
			compatibilityVersion = "Xcode 3.2";
			developmentRegion = English;
			hasScannedForEncodings = 0;
			knownRegions = (
				en,
				Base,
			);
			mainGroup = C036EBF31F79705100B25DFF;
			productRefGroup = C036EBFD1F79705100B25DFF /* Products */;
			projectDirPath = "";
			projectRoot = "";
			targets = (
				C036EBFB1F79705100B25DFF /* KurkowskiSethCE7 */,
				C036EC0F1F79705100B25DFF /* KurkowskiSethCE7Tests */,
			);
		};
/* End PBXProject section */

/* Begin PBXResourcesBuildPhase section */
		C036EBFA1F79705100B25DFF /* Resources */ = {
			isa = PBXResourcesBuildPhase;
			buildActionMask = 2147483647;
			files = (
				C036EC0A1F79705100B25DFF /* LaunchScreen.storyboard in Resources */,
				C036EC071F79705100B25DFF /* Assets.xcassets in Resources */,
				C036EC051F79705100B25DFF /* Main.storyboard in Resources */,
				C036EC201F7975CA00B25DFF /* zips.json in Resources */,
			);
			runOnlyForDeploymentPostprocessing = 0;
		};
		C036EC0E1F79705100B25DFF /* Resources */ = {
			isa = PBXResourcesBuildPhase;
			buildActionMask = 2147483647;
			files = (
			);
			runOnlyForDeploymentPostprocessing = 0;
		};
/* End PBXResourcesBuildPhase section */

/* Begin PBXSourcesBuildPhase section */
		C036EBF81F79705100B25DFF /* Sources */ = {
			isa = PBXSourcesBuildPhase;
			buildActionMask = 2147483647;
			files = (
				C036EC281F7984AA00B25DFF /* TableViewCell.swift in Sources */,
				C036EC221F7977F600B25DFF /* ResultsTableViewController.swift in Sources */,
				C036EC241F79781700B25DFF /* SearchTableViewController.swift in Sources */,
				C036EC261F797AB900B25DFF /* Results.swift in Sources */,
				C036EC001F79705100B25DFF /* AppDelegate.swift in Sources */,
				C036EC2A1F798BD100B25DFF /* SearchTableViewController_EXT.swift in Sources */,
			);
			runOnlyForDeploymentPostprocessing = 0;
		};
		C036EC0C1F79705100B25DFF /* Sources */ = {
			isa = PBXSourcesBuildPhase;
			buildActionMask = 2147483647;
			files = (
				C036EC151F79705100B25DFF /* KurkowskiSethCE7Tests.swift in Sources */,
			);
			runOnlyForDeploymentPostprocessing = 0;
		};
/* End PBXSourcesBuildPhase section */

/* Begin PBXTargetDependency section */
		C036EC121F79705100B25DFF /* PBXTargetDependency */ = {
			isa = PBXTargetDependency;
			target = C036EBFB1F79705100B25DFF /* KurkowskiSethCE7 */;
			targetProxy = C036EC111F79705100B25DFF /* PBXContainerItemProxy */;
		};
/* End PBXTargetDependency section */

/* Begin PBXVariantGroup section */
		C036EC031F79705100B25DFF /* Main.storyboard */ = {
			isa = PBXVariantGroup;
			children = (
				C036EC041F79705100B25DFF /* Base */,
			);
			name = Main.storyboard;
			sourceTree = "<group>";
		};
		C036EC081F79705100B25DFF /* LaunchScreen.storyboard */ = {
			isa = PBXVariantGroup;
			children = (
				C036EC091F79705100B25DFF /* Base */,
			);
			name = LaunchScreen.storyboard;
			sourceTree = "<group>";
		};
/* End PBXVariantGroup section */

/* Begin XCBuildConfiguration section */
		C036EC171F79705100B25DFF /* Debug */ = {
			isa = XCBuildConfiguration;
			buildSettings = {
				ALWAYS_SEARCH_USER_PATHS = NO;
				CLANG_ANALYZER_NONNULL = YES;
				CLANG_ANALYZER_NUMBER_OBJECT_CONVERSION = YES_AGGRESSIVE;
				CLANG_CXX_LANGUAGE_STANDARD = "gnu++0x";
				CLANG_CXX_LIBRARY = "libc++";
				CLANG_ENABLE_MODULES = YES;
				CLANG_ENABLE_OBJC_ARC = YES;
				CLANG_WARN_BOOL_CONVERSION = YES;
				CLANG_WARN_CONSTANT_CONVERSION = YES;
				CLANG_WARN_DIRECT_OBJC_ISA_USAGE = YES_ERROR;
				CLANG_WARN_DOCUMENTATION_COMMENTS = YES;
				CLANG_WARN_EMPTY_BODY = YES;
				CLANG_WARN_ENUM_CONVERSION = YES;
				CLANG_WARN_INFINITE_RECURSION = YES;
				CLANG_WARN_INT_CONVERSION = YES;
				CLANG_WARN_OBJC_ROOT_CLASS = YES_ERROR;
				CLANG_WARN_SUSPICIOUS_MOVE = YES;
				CLANG_WARN_UNREACHABLE_CODE = YES;
				CLANG_WARN__DUPLICATE_METHOD_MATCH = YES;
				"CODE_SIGN_IDENTITY[sdk=iphoneos*]" = "iPhone Developer";
				COPY_PHASE_STRIP = NO;
				DEBUG_INFORMATION_FORMAT = dwarf;
				ENABLE_STRICT_OBJC_MSGSEND = YES;
				ENABLE_TESTABILITY = YES;
				GCC_C_LANGUAGE_STANDARD = gnu99;
				GCC_DYNAMIC_NO_PIC = NO;
				GCC_NO_COMMON_BLOCKS = YES;
				GCC_OPTIMIZATION_LEVEL = 0;
				GCC_PREPROCESSOR_DEFINITIONS = (
					"DEBUG=1",
					"$(inherited)",
				);
				GCC_WARN_64_TO_32_BIT_CONVERSION = YES;
				GCC_WARN_ABOUT_RETURN_TYPE = YES_ERROR;
				GCC_WARN_UNDECLARED_SELECTOR = YES;
				GCC_WARN_UNINITIALIZED_AUTOS = YES_AGGRESSIVE;
				GCC_WARN_UNUSED_FUNCTION = YES;
				GCC_WARN_UNUSED_VARIABLE = YES;
				IPHONEOS_DEPLOYMENT_TARGET = 10.3;
				MTL_ENABLE_DEBUG_INFO = YES;
				ONLY_ACTIVE_ARCH = YES;
				SDKROOT = iphoneos;
				SWIFT_ACTIVE_COMPILATION_CONDITIONS = DEBUG;
				SWIFT_OPTIMIZATION_LEVEL = "-Onone";
			};
			name = Debug;
		};
		C036EC181F79705100B25DFF /* Release */ = {
			isa = XCBuildConfiguration;
			buildSettings = {
				ALWAYS_SEARCH_USER_PATHS = NO;
				CLANG_ANALYZER_NONNULL = YES;
				CLANG_ANALYZER_NUMBER_OBJECT_CONVERSION = YES_AGGRESSIVE;
				CLANG_CXX_LANGUAGE_STANDARD = "gnu++0x";
				CLANG_CXX_LIBRARY = "libc++";
				CLANG_ENABLE_MODULES = YES;
				CLANG_ENABLE_OBJC_ARC = YES;
				CLANG_WARN_BOOL_CONVERSION = YES;
				CLANG_WARN_CONSTANT_CONVERSION = YES;
				CLANG_WARN_DIRECT_OBJC_ISA_USAGE = YES_ERROR;
				CLANG_WARN_DOCUMENTATION_COMMENTS = YES;
				CLANG_WARN_EMPTY_BODY = YES;
				CLANG_WARN_ENUM_CONVERSION = YES;
				CLANG_WARN_INFINITE_RECURSION = YES;
				CLANG_WARN_INT_CONVERSION = YES;
				CLANG_WARN_OBJC_ROOT_CLASS = YES_ERROR;
				CLANG_WARN_SUSPICIOUS_MOVE = YES;
				CLANG_WARN_UNREACHABLE_CODE = YES;
				CLANG_WARN__DUPLICATE_METHOD_MATCH = YES;
				"CODE_SIGN_IDENTITY[sdk=iphoneos*]" = "iPhone Developer";
				COPY_PHASE_STRIP = NO;
				DEBUG_INFORMATION_FORMAT = "dwarf-with-dsym";
				ENABLE_NS_ASSERTIONS = NO;
				ENABLE_STRICT_OBJC_MSGSEND = YES;
				GCC_C_LANGUAGE_STANDARD = gnu99;
				GCC_NO_COMMON_BLOCKS = YES;
				GCC_WARN_64_TO_32_BIT_CONVERSION = YES;
				GCC_WARN_ABOUT_RETURN_TYPE = YES_ERROR;
				GCC_WARN_UNDECLARED_SELECTOR = YES;
				GCC_WARN_UNINITIALIZED_AUTOS = YES_AGGRESSIVE;
				GCC_WARN_UNUSED_FUNCTION = YES;
				GCC_WARN_UNUSED_VARIABLE = YES;
				IPHONEOS_DEPLOYMENT_TARGET = 10.3;
				MTL_ENABLE_DEBUG_INFO = NO;
				SDKROOT = iphoneos;
				SWIFT_OPTIMIZATION_LEVEL = "-Owholemodule";
				VALIDATE_PRODUCT = YES;
			};
			name = Release;
		};
		C036EC1A1F79705100B25DFF /* Debug */ = {
			isa = XCBuildConfiguration;
			buildSettings = {
				ASSETCATALOG_COMPILER_APPICON_NAME = AppIcon;
				INFOPLIST_FILE = KurkowskiSethCE7/Info.plist;
				LD_RUNPATH_SEARCH_PATHS = "$(inherited) @executable_path/Frameworks";
				PRODUCT_BUNDLE_IDENTIFIER = com.example.KurkowskiSethCE7;
				PRODUCT_NAME = "$(TARGET_NAME)";
				SWIFT_VERSION = 3.0;
			};
			name = Debug;
		};
		C036EC1B1F79705100B25DFF /* Release */ = {
			isa = XCBuildConfiguration;
			buildSettings = {
				ASSETCATALOG_COMPILER_APPICON_NAME = AppIcon;
				INFOPLIST_FILE = KurkowskiSethCE7/Info.plist;
				LD_RUNPATH_SEARCH_PATHS = "$(inherited) @executable_path/Frameworks";
				PRODUCT_BUNDLE_IDENTIFIER = com.example.KurkowskiSethCE7;
				PRODUCT_NAME = "$(TARGET_NAME)";
				SWIFT_VERSION = 3.0;
			};
			name = Release;
		};
		C036EC1D1F79705100B25DFF /* Debug */ = {
			isa = XCBuildConfiguration;
			buildSettings = {
				ALWAYS_EMBED_SWIFT_STANDARD_LIBRARIES = YES;
				BUNDLE_LOADER = "$(TEST_HOST)";
				INFOPLIST_FILE = KurkowskiSethCE7Tests/Info.plist;
				LD_RUNPATH_SEARCH_PATHS = "$(inherited) @executable_path/Frameworks @loader_path/Frameworks";
				PRODUCT_BUNDLE_IDENTIFIER = com.example.KurkowskiSethCE7Tests;
				PRODUCT_NAME = "$(TARGET_NAME)";
				SWIFT_VERSION = 3.0;
				TEST_HOST = "$(BUILT_PRODUCTS_DIR)/KurkowskiSethCE7.app/KurkowskiSethCE7";
			};
			name = Debug;
		};
		C036EC1E1F79705100B25DFF /* Release */ = {
			isa = XCBuildConfiguration;
			buildSettings = {
				ALWAYS_EMBED_SWIFT_STANDARD_LIBRARIES = YES;
				BUNDLE_LOADER = "$(TEST_HOST)";
				INFOPLIST_FILE = KurkowskiSethCE7Tests/Info.plist;
				LD_RUNPATH_SEARCH_PATHS = "$(inherited) @executable_path/Frameworks @loader_path/Frameworks";
				PRODUCT_BUNDLE_IDENTIFIER = com.example.KurkowskiSethCE7Tests;
				PRODUCT_NAME = "$(TARGET_NAME)";
				SWIFT_VERSION = 3.0;
				TEST_HOST = "$(BUILT_PRODUCTS_DIR)/KurkowskiSethCE7.app/KurkowskiSethCE7";
			};
			name = Release;
		};
/* End XCBuildConfiguration section */

/* Begin XCConfigurationList section */
		C036EBF71F79705100B25DFF /* Build configuration list for PBXProject "KurkowskiSethCE7" */ = {
			isa = XCConfigurationList;
			buildConfigurations = (
				C036EC171F79705100B25DFF /* Debug */,
				C036EC181F79705100B25DFF /* Release */,
			);
			defaultConfigurationIsVisible = 0;
			defaultConfigurationName = Release;
		};
		C036EC191F79705100B25DFF /* Build configuration list for PBXNativeTarget "KurkowskiSethCE7" */ = {
			isa = XCConfigurationList;
			buildConfigurations = (
				C036EC1A1F79705100B25DFF /* Debug */,
				C036EC1B1F79705100B25DFF /* Release */,
			);
			defaultConfigurationIsVisible = 0;
		};
		C036EC1C1F79705100B25DFF /* Build configuration list for PBXNativeTarget "KurkowskiSethCE7Tests" */ = {
			isa = XCConfigurationList;
			buildConfigurations = (
				C036EC1D1F79705100B25DFF /* Debug */,
				C036EC1E1F79705100B25DFF /* Release */,
			);
			defaultConfigurationIsVisible = 0;
		};
/* End XCConfigurationList section */
	};
	rootObject = C036EBF41F79705100B25DFF /* Project object */;
}
