// !$*UTF8*$!
{
	archiveVersion = 1;
	classes = {
	};
	objectVersion = 48;
	objects = {

/* Begin PBXBuildFile section */
		C09BC15C1F9535FB00BD91E5 /* DataModel.swift in Sources */ = {isa = PBXBuildFile; fileRef = C09BC15B1F9535FB00BD91E5 /* DataModel.swift */; };
		C09BC15E1F953E9B00BD91E5 /* ImageDownload_IC_EXT.swift in Sources */ = {isa = PBXBuildFile; fileRef = C09BC15D1F953E9B00BD91E5 /* ImageDownload_IC_EXT.swift */; };
		C0ECD1B91F9523F0008F90BE /* AppDelegate.swift in Sources */ = {isa = PBXBuildFile; fileRef = C0ECD1B81F9523F0008F90BE /* AppDelegate.swift */; };
		C0ECD1BE1F9523F0008F90BE /* Main.storyboard in Resources */ = {isa = PBXBuildFile; fileRef = C0ECD1BC1F9523F0008F90BE /* Main.storyboard */; };
		C0ECD1C01F9523F0008F90BE /* Assets.xcassets in Resources */ = {isa = PBXBuildFile; fileRef = C0ECD1BF1F9523F0008F90BE /* Assets.xcassets */; };
		C0ECD1C31F9523F0008F90BE /* LaunchScreen.storyboard in Resources */ = {isa = PBXBuildFile; fileRef = C0ECD1C11F9523F0008F90BE /* LaunchScreen.storyboard */; };
		C0ECD1CE1F9523F0008F90BE /* KurkowskiSeth_CE5Tests.swift in Sources */ = {isa = PBXBuildFile; fileRef = C0ECD1CD1F9523F0008F90BE /* KurkowskiSeth_CE5Tests.swift */; };
		C0ECD1DB1F9525C4008F90BE /* ImageCollection_VC.swift in Sources */ = {isa = PBXBuildFile; fileRef = C0ECD1DA1F9525C4008F90BE /* ImageCollection_VC.swift */; };
		C0ECD1DF1F9529BA008F90BE /* ImageCell.swift in Sources */ = {isa = PBXBuildFile; fileRef = C0ECD1DE1F9529BA008F90BE /* ImageCell.swift */; };
		C0ECD1E11F952DD7008F90BE /* HeaderView.swift in Sources */ = {isa = PBXBuildFile; fileRef = C0ECD1E01F952DD7008F90BE /* HeaderView.swift */; };
/* End PBXBuildFile section */

/* Begin PBXContainerItemProxy section */
		C0ECD1CA1F9523F0008F90BE /* PBXContainerItemProxy */ = {
			isa = PBXContainerItemProxy;
			containerPortal = C0ECD1AD1F9523F0008F90BE /* Project object */;
			proxyType = 1;
			remoteGlobalIDString = C0ECD1B41F9523F0008F90BE;
			remoteInfo = KurkowskiSeth_CE5;
		};
/* End PBXContainerItemProxy section */

/* Begin PBXFileReference section */
		C09BC15B1F9535FB00BD91E5 /* DataModel.swift */ = {isa = PBXFileReference; lastKnownFileType = sourcecode.swift; path = DataModel.swift; sourceTree = "<group>"; };
		C09BC15D1F953E9B00BD91E5 /* ImageDownload_IC_EXT.swift */ = {isa = PBXFileReference; lastKnownFileType = sourcecode.swift; path = ImageDownload_IC_EXT.swift; sourceTree = "<group>"; };
		C0ECD1B51F9523F0008F90BE /* KurkowskiSeth_CE5.app */ = {isa = PBXFileReference; explicitFileType = wrapper.application; includeInIndex = 0; path = KurkowskiSeth_CE5.app; sourceTree = BUILT_PRODUCTS_DIR; };
		C0ECD1B81F9523F0008F90BE /* AppDelegate.swift */ = {isa = PBXFileReference; lastKnownFileType = sourcecode.swift; path = AppDelegate.swift; sourceTree = "<group>"; };
		C0ECD1BD1F9523F0008F90BE /* Base */ = {isa = PBXFileReference; lastKnownFileType = file.storyboard; name = Base; path = Base.lproj/Main.storyboard; sourceTree = "<group>"; };
		C0ECD1BF1F9523F0008F90BE /* Assets.xcassets */ = {isa = PBXFileReference; lastKnownFileType = folder.assetcatalog; path = Assets.xcassets; sourceTree = "<group>"; };
		C0ECD1C21F9523F0008F90BE /* Base */ = {isa = PBXFileReference; lastKnownFileType = file.storyboard; name = Base; path = Base.lproj/LaunchScreen.storyboard; sourceTree = "<group>"; };
		C0ECD1C41F9523F0008F90BE /* Info.plist */ = {isa = PBXFileReference; lastKnownFileType = text.plist.xml; path = Info.plist; sourceTree = "<group>"; };
		C0ECD1C91F9523F0008F90BE /* KurkowskiSeth_CE5Tests.xctest */ = {isa = PBXFileReference; explicitFileType = wrapper.cfbundle; includeInIndex = 0; path = KurkowskiSeth_CE5Tests.xctest; sourceTree = BUILT_PRODUCTS_DIR; };
		C0ECD1CD1F9523F0008F90BE /* KurkowskiSeth_CE5Tests.swift */ = {isa = PBXFileReference; lastKnownFileType = sourcecode.swift; path = KurkowskiSeth_CE5Tests.swift; sourceTree = "<group>"; };
		C0ECD1CF1F9523F0008F90BE /* Info.plist */ = {isa = PBXFileReference; lastKnownFileType = text.plist.xml; path = Info.plist; sourceTree = "<group>"; };
		C0ECD1DA1F9525C4008F90BE /* ImageCollection_VC.swift */ = {isa = PBXFileReference; lastKnownFileType = sourcecode.swift; path = ImageCollection_VC.swift; sourceTree = "<group>"; };
		C0ECD1DE1F9529BA008F90BE /* ImageCell.swift */ = {isa = PBXFileReference; lastKnownFileType = sourcecode.swift; path = ImageCell.swift; sourceTree = "<group>"; };
		C0ECD1E01F952DD7008F90BE /* HeaderView.swift */ = {isa = PBXFileReference; lastKnownFileType = sourcecode.swift; path = HeaderView.swift; sourceTree = "<group>"; };
/* End PBXFileReference section */

/* Begin PBXFrameworksBuildPhase section */
		C0ECD1B21F9523F0008F90BE /* Frameworks */ = {
			isa = PBXFrameworksBuildPhase;
			buildActionMask = 2147483647;
			files = (
			);
			runOnlyForDeploymentPostprocessing = 0;
		};
		C0ECD1C61F9523F0008F90BE /* Frameworks */ = {
			isa = PBXFrameworksBuildPhase;
			buildActionMask = 2147483647;
			files = (
			);
			runOnlyForDeploymentPostprocessing = 0;
		};
/* End PBXFrameworksBuildPhase section */

/* Begin PBXGroup section */
		C0ECD1AC1F9523F0008F90BE = {
			isa = PBXGroup;
			children = (
				C0ECD1B71F9523F0008F90BE /* KurkowskiSeth_CE5 */,
				C0ECD1CC1F9523F0008F90BE /* KurkowskiSeth_CE5Tests */,
				C0ECD1B61F9523F0008F90BE /* Products */,
			);
			sourceTree = "<group>";
		};
		C0ECD1B61F9523F0008F90BE /* Products */ = {
			isa = PBXGroup;
			children = (
				C0ECD1B51F9523F0008F90BE /* KurkowskiSeth_CE5.app */,
				C0ECD1C91F9523F0008F90BE /* KurkowskiSeth_CE5Tests.xctest */,
			);
			name = Products;
			sourceTree = "<group>";
		};
		C0ECD1B71F9523F0008F90BE /* KurkowskiSeth_CE5 */ = {
			isa = PBXGroup;
			children = (
				C0ECD1B81F9523F0008F90BE /* AppDelegate.swift */,
				C0ECD1C11F9523F0008F90BE /* LaunchScreen.storyboard */,
				C0ECD1BC1F9523F0008F90BE /* Main.storyboard */,
				C0ECD1DA1F9525C4008F90BE /* ImageCollection_VC.swift */,
				C09BC15D1F953E9B00BD91E5 /* ImageDownload_IC_EXT.swift */,
				C0ECD1DE1F9529BA008F90BE /* ImageCell.swift */,
				C0ECD1E01F952DD7008F90BE /* HeaderView.swift */,
				C09BC15B1F9535FB00BD91E5 /* DataModel.swift */,
				C0ECD1BF1F9523F0008F90BE /* Assets.xcassets */,
				C0ECD1C41F9523F0008F90BE /* Info.plist */,
			);
			path = KurkowskiSeth_CE5;
			sourceTree = "<group>";
		};
		C0ECD1CC1F9523F0008F90BE /* KurkowskiSeth_CE5Tests */ = {
			isa = PBXGroup;
			children = (
				C0ECD1CD1F9523F0008F90BE /* KurkowskiSeth_CE5Tests.swift */,
				C0ECD1CF1F9523F0008F90BE /* Info.plist */,
			);
			path = KurkowskiSeth_CE5Tests;
			sourceTree = "<group>";
		};
/* End PBXGroup section */

/* Begin PBXNativeTarget section */
		C0ECD1B41F9523F0008F90BE /* KurkowskiSeth_CE5 */ = {
			isa = PBXNativeTarget;
			buildConfigurationList = C0ECD1D21F9523F0008F90BE /* Build configuration list for PBXNativeTarget "KurkowskiSeth_CE5" */;
			buildPhases = (
				C0ECD1B11F9523F0008F90BE /* Sources */,
				C0ECD1B21F9523F0008F90BE /* Frameworks */,
				C0ECD1B31F9523F0008F90BE /* Resources */,
			);
			buildRules = (
			);
			dependencies = (
			);
			name = KurkowskiSeth_CE5;
			productName = KurkowskiSeth_CE5;
			productReference = C0ECD1B51F9523F0008F90BE /* KurkowskiSeth_CE5.app */;
			productType = "com.apple.product-type.application";
		};
		C0ECD1C81F9523F0008F90BE /* KurkowskiSeth_CE5Tests */ = {
			isa = PBXNativeTarget;
			buildConfigurationList = C0ECD1D51F9523F0008F90BE /* Build configuration list for PBXNativeTarget "KurkowskiSeth_CE5Tests" */;
			buildPhases = (
				C0ECD1C51F9523F0008F90BE /* Sources */,
				C0ECD1C61F9523F0008F90BE /* Frameworks */,
				C0ECD1C71F9523F0008F90BE /* Resources */,
			);
			buildRules = (
			);
			dependencies = (
				C0ECD1CB1F9523F0008F90BE /* PBXTargetDependency */,
			);
			name = KurkowskiSeth_CE5Tests;
			productName = KurkowskiSeth_CE5Tests;
			productReference = C0ECD1C91F9523F0008F90BE /* KurkowskiSeth_CE5Tests.xctest */;
			productType = "com.apple.product-type.bundle.unit-test";
		};
/* End PBXNativeTarget section */

/* Begin PBXProject section */
		C0ECD1AD1F9523F0008F90BE /* Project object */ = {
			isa = PBXProject;
			attributes = {
				LastSwiftUpdateCheck = 0900;
				LastUpgradeCheck = 0900;
				ORGANIZATIONNAME = "Seth Kurkowski";
				TargetAttributes = {
					C0ECD1B41F9523F0008F90BE = {
						CreatedOnToolsVersion = 9.0;
						ProvisioningStyle = Automatic;
					};
					C0ECD1C81F9523F0008F90BE = {
						CreatedOnToolsVersion = 9.0;
						ProvisioningStyle = Automatic;
						TestTargetID = C0ECD1B41F9523F0008F90BE;
					};
				};
			};
			buildConfigurationList = C0ECD1B01F9523F0008F90BE /* Build configuration list for PBXProject "KurkowskiSeth_CE5" */;
			compatibilityVersion = "Xcode 8.0";
			developmentRegion = en;
			hasScannedForEncodings = 0;
			knownRegions = (
				en,
				Base,
			);
			mainGroup = C0ECD1AC1F9523F0008F90BE;
			productRefGroup = C0ECD1B61F9523F0008F90BE /* Products */;
			projectDirPath = "";
			projectRoot = "";
			targets = (
				C0ECD1B41F9523F0008F90BE /* KurkowskiSeth_CE5 */,
				C0ECD1C81F9523F0008F90BE /* KurkowskiSeth_CE5Tests */,
			);
		};
/* End PBXProject section */

/* Begin PBXResourcesBuildPhase section */
		C0ECD1B31F9523F0008F90BE /* Resources */ = {
			isa = PBXResourcesBuildPhase;
			buildActionMask = 2147483647;
			files = (
				C0ECD1C31F9523F0008F90BE /* LaunchScreen.storyboard in Resources */,
				C0ECD1C01F9523F0008F90BE /* Assets.xcassets in Resources */,
				C0ECD1BE1F9523F0008F90BE /* Main.storyboard in Resources */,
			);
			runOnlyForDeploymentPostprocessing = 0;
		};
		C0ECD1C71F9523F0008F90BE /* Resources */ = {
			isa = PBXResourcesBuildPhase;
			buildActionMask = 2147483647;
			files = (
			);
			runOnlyForDeploymentPostprocessing = 0;
		};
/* End PBXResourcesBuildPhase section */

/* Begin PBXSourcesBuildPhase section */
		C0ECD1B11F9523F0008F90BE /* Sources */ = {
			isa = PBXSourcesBuildPhase;
			buildActionMask = 2147483647;
			files = (
				C09BC15C1F9535FB00BD91E5 /* DataModel.swift in Sources */,
				C0ECD1DB1F9525C4008F90BE /* ImageCollection_VC.swift in Sources */,
				C0ECD1B91F9523F0008F90BE /* AppDelegate.swift in Sources */,
				C0ECD1DF1F9529BA008F90BE /* ImageCell.swift in Sources */,
				C0ECD1E11F952DD7008F90BE /* HeaderView.swift in Sources */,
				C09BC15E1F953E9B00BD91E5 /* ImageDownload_IC_EXT.swift in Sources */,
			);
			runOnlyForDeploymentPostprocessing = 0;
		};
		C0ECD1C51F9523F0008F90BE /* Sources */ = {
			isa = PBXSourcesBuildPhase;
			buildActionMask = 2147483647;
			files = (
				C0ECD1CE1F9523F0008F90BE /* KurkowskiSeth_CE5Tests.swift in Sources */,
			);
			runOnlyForDeploymentPostprocessing = 0;
		};
/* End PBXSourcesBuildPhase section */

/* Begin PBXTargetDependency section */
		C0ECD1CB1F9523F0008F90BE /* PBXTargetDependency */ = {
			isa = PBXTargetDependency;
			target = C0ECD1B41F9523F0008F90BE /* KurkowskiSeth_CE5 */;
			targetProxy = C0ECD1CA1F9523F0008F90BE /* PBXContainerItemProxy */;
		};
/* End PBXTargetDependency section */

/* Begin PBXVariantGroup section */
		C0ECD1BC1F9523F0008F90BE /* Main.storyboard */ = {
			isa = PBXVariantGroup;
			children = (
				C0ECD1BD1F9523F0008F90BE /* Base */,
			);
			name = Main.storyboard;
			sourceTree = "<group>";
		};
		C0ECD1C11F9523F0008F90BE /* LaunchScreen.storyboard */ = {
			isa = PBXVariantGroup;
			children = (
				C0ECD1C21F9523F0008F90BE /* Base */,
			);
			name = LaunchScreen.storyboard;
			sourceTree = "<group>";
		};
/* End PBXVariantGroup section */

/* Begin XCBuildConfiguration section */
		C0ECD1D01F9523F0008F90BE /* Debug */ = {
			isa = XCBuildConfiguration;
			buildSettings = {
				ALWAYS_SEARCH_USER_PATHS = NO;
				CLANG_ANALYZER_NONNULL = YES;
				CLANG_ANALYZER_NUMBER_OBJECT_CONVERSION = YES_AGGRESSIVE;
				CLANG_CXX_LANGUAGE_STANDARD = "gnu++14";
				CLANG_CXX_LIBRARY = "libc++";
				CLANG_ENABLE_MODULES = YES;
				CLANG_ENABLE_OBJC_ARC = YES;
				CLANG_WARN_BLOCK_CAPTURE_AUTORELEASING = YES;
				CLANG_WARN_BOOL_CONVERSION = YES;
				CLANG_WARN_COMMA = YES;
				CLANG_WARN_CONSTANT_CONVERSION = YES;
				CLANG_WARN_DIRECT_OBJC_ISA_USAGE = YES_ERROR;
				CLANG_WARN_DOCUMENTATION_COMMENTS = YES;
				CLANG_WARN_EMPTY_BODY = YES;
				CLANG_WARN_ENUM_CONVERSION = YES;
				CLANG_WARN_INFINITE_RECURSION = YES;
				CLANG_WARN_INT_CONVERSION = YES;
				CLANG_WARN_NON_LITERAL_NULL_CONVERSION = YES;
				CLANG_WARN_OBJC_LITERAL_CONVERSION = YES;
				CLANG_WARN_OBJC_ROOT_CLASS = YES_ERROR;
				CLANG_WARN_RANGE_LOOP_ANALYSIS = YES;
				CLANG_WARN_STRICT_PROTOTYPES = YES;
				CLANG_WARN_SUSPICIOUS_MOVE = YES;
				CLANG_WARN_UNGUARDED_AVAILABILITY = YES_AGGRESSIVE;
				CLANG_WARN_UNREACHABLE_CODE = YES;
				CLANG_WARN__DUPLICATE_METHOD_MATCH = YES;
				CODE_SIGN_IDENTITY = "iPhone Developer";
				COPY_PHASE_STRIP = NO;
				DEBUG_INFORMATION_FORMAT = dwarf;
				ENABLE_STRICT_OBJC_MSGSEND = YES;
				ENABLE_TESTABILITY = YES;
				GCC_C_LANGUAGE_STANDARD = gnu11;
				GCC_DYNAMIC_NO_PIC = NO;
				GCC_NO_COMMON_BLOCKS = YES;
				GCC_OPTIMIZATION_LEVEL = 0;
				GCC_PREPROCESSOR_DEFINITIONS = (
					"DEBUG=1",
					"$(inherited)",
				);
				GCC_WARN_64_TO_32_BIT_CONVERSION = YES;
				GCC_WARN_ABOUT_RETURN_TYPE = YES_ERROR;
				GCC_WARN_UNDECLARED_SELECTOR = YES;
				GCC_WARN_UNINITIALIZED_AUTOS = YES_AGGRESSIVE;
				GCC_WARN_UNUSED_FUNCTION = YES;
				GCC_WARN_UNUSED_VARIABLE = YES;
				IPHONEOS_DEPLOYMENT_TARGET = 11.0;
				MTL_ENABLE_DEBUG_INFO = YES;
				ONLY_ACTIVE_ARCH = YES;
				SDKROOT = iphoneos;
				SWIFT_ACTIVE_COMPILATION_CONDITIONS = DEBUG;
				SWIFT_OPTIMIZATION_LEVEL = "-Onone";
			};
			name = Debug;
		};
		C0ECD1D11F9523F0008F90BE /* Release */ = {
			isa = XCBuildConfiguration;
			buildSettings = {
				ALWAYS_SEARCH_USER_PATHS = NO;
				CLANG_ANALYZER_NONNULL = YES;
				CLANG_ANALYZER_NUMBER_OBJECT_CONVERSION = YES_AGGRESSIVE;
				CLANG_CXX_LANGUAGE_STANDARD = "gnu++14";
				CLANG_CXX_LIBRARY = "libc++";
				CLANG_ENABLE_MODULES = YES;
				CLANG_ENABLE_OBJC_ARC = YES;
				CLANG_WARN_BLOCK_CAPTURE_AUTORELEASING = YES;
				CLANG_WARN_BOOL_CONVERSION = YES;
				CLANG_WARN_COMMA = YES;
				CLANG_WARN_CONSTANT_CONVERSION = YES;
				CLANG_WARN_DIRECT_OBJC_ISA_USAGE = YES_ERROR;
				CLANG_WARN_DOCUMENTATION_COMMENTS = YES;
				CLANG_WARN_EMPTY_BODY = YES;
				CLANG_WARN_ENUM_CONVERSION = YES;
				CLANG_WARN_INFINITE_RECURSION = YES;
				CLANG_WARN_INT_CONVERSION = YES;
				CLANG_WARN_NON_LITERAL_NULL_CONVERSION = YES;
				CLANG_WARN_OBJC_LITERAL_CONVERSION = YES;
				CLANG_WARN_OBJC_ROOT_CLASS = YES_ERROR;
				CLANG_WARN_RANGE_LOOP_ANALYSIS = YES;
				CLANG_WARN_STRICT_PROTOTYPES = YES;
				CLANG_WARN_SUSPICIOUS_MOVE = YES;
				CLANG_WARN_UNGUARDED_AVAILABILITY = YES_AGGRESSIVE;
				CLANG_WARN_UNREACHABLE_CODE = YES;
				CLANG_WARN__DUPLICATE_METHOD_MATCH = YES;
				CODE_SIGN_IDENTITY = "iPhone Developer";
				COPY_PHASE_STRIP = NO;
				DEBUG_INFORMATION_FORMAT = "dwarf-with-dsym";
				ENABLE_NS_ASSERTIONS = NO;
				ENABLE_STRICT_OBJC_MSGSEND = YES;
				GCC_C_LANGUAGE_STANDARD = gnu11;
				GCC_NO_COMMON_BLOCKS = YES;
				GCC_WARN_64_TO_32_BIT_CONVERSION = YES;
				GCC_WARN_ABOUT_RETURN_TYPE = YES_ERROR;
				GCC_WARN_UNDECLARED_SELECTOR = YES;
				GCC_WARN_UNINITIALIZED_AUTOS = YES_AGGRESSIVE;
				GCC_WARN_UNUSED_FUNCTION = YES;
				GCC_WARN_UNUSED_VARIABLE = YES;
				IPHONEOS_DEPLOYMENT_TARGET = 11.0;
				MTL_ENABLE_DEBUG_INFO = NO;
				SDKROOT = iphoneos;
				SWIFT_OPTIMIZATION_LEVEL = "-Owholemodule";
				VALIDATE_PRODUCT = YES;
			};
			name = Release;
		};
		C0ECD1D31F9523F0008F90BE /* Debug */ = {
			isa = XCBuildConfiguration;
			buildSettings = {
				ASSETCATALOG_COMPILER_APPICON_NAME = AppIcon;
				CODE_SIGN_STYLE = Automatic;
				INFOPLIST_FILE = KurkowskiSeth_CE5/Info.plist;
				LD_RUNPATH_SEARCH_PATHS = "$(inherited) @executable_path/Frameworks";
				PRODUCT_BUNDLE_IDENTIFIER = "com.example.KurkowskiSeth-CE5";
				PRODUCT_NAME = "$(TARGET_NAME)";
				SWIFT_VERSION = 4.0;
				TARGETED_DEVICE_FAMILY = "1,2";
			};
			name = Debug;
		};
		C0ECD1D41F9523F0008F90BE /* Release */ = {
			isa = XCBuildConfiguration;
			buildSettings = {
				ASSETCATALOG_COMPILER_APPICON_NAME = AppIcon;
				CODE_SIGN_STYLE = Automatic;
				INFOPLIST_FILE = KurkowskiSeth_CE5/Info.plist;
				LD_RUNPATH_SEARCH_PATHS = "$(inherited) @executable_path/Frameworks";
				PRODUCT_BUNDLE_IDENTIFIER = "com.example.KurkowskiSeth-CE5";
				PRODUCT_NAME = "$(TARGET_NAME)";
				SWIFT_VERSION = 4.0;
				TARGETED_DEVICE_FAMILY = "1,2";
			};
			name = Release;
		};
		C0ECD1D61F9523F0008F90BE /* Debug */ = {
			isa = XCBuildConfiguration;
			buildSettings = {
				ALWAYS_EMBED_SWIFT_STANDARD_LIBRARIES = YES;
				BUNDLE_LOADER = "$(TEST_HOST)";
				CODE_SIGN_STYLE = Automatic;
				INFOPLIST_FILE = KurkowskiSeth_CE5Tests/Info.plist;
				LD_RUNPATH_SEARCH_PATHS = "$(inherited) @executable_path/Frameworks @loader_path/Frameworks";
				PRODUCT_BUNDLE_IDENTIFIER = "com.example.KurkowskiSeth-CE5Tests";
				PRODUCT_NAME = "$(TARGET_NAME)";
				SWIFT_VERSION = 4.0;
				TARGETED_DEVICE_FAMILY = "1,2";
				TEST_HOST = "$(BUILT_PRODUCTS_DIR)/KurkowskiSeth_CE5.app/KurkowskiSeth_CE5";
			};
			name = Debug;
		};
		C0ECD1D71F9523F0008F90BE /* Release */ = {
			isa = XCBuildConfiguration;
			buildSettings = {
				ALWAYS_EMBED_SWIFT_STANDARD_LIBRARIES = YES;
				BUNDLE_LOADER = "$(TEST_HOST)";
				CODE_SIGN_STYLE = Automatic;
				INFOPLIST_FILE = KurkowskiSeth_CE5Tests/Info.plist;
				LD_RUNPATH_SEARCH_PATHS = "$(inherited) @executable_path/Frameworks @loader_path/Frameworks";
				PRODUCT_BUNDLE_IDENTIFIER = "com.example.KurkowskiSeth-CE5Tests";
				PRODUCT_NAME = "$(TARGET_NAME)";
				SWIFT_VERSION = 4.0;
				TARGETED_DEVICE_FAMILY = "1,2";
				TEST_HOST = "$(BUILT_PRODUCTS_DIR)/KurkowskiSeth_CE5.app/KurkowskiSeth_CE5";
			};
			name = Release;
		};
/* End XCBuildConfiguration section */

/* Begin XCConfigurationList section */
		C0ECD1B01F9523F0008F90BE /* Build configuration list for PBXProject "KurkowskiSeth_CE5" */ = {
			isa = XCConfigurationList;
			buildConfigurations = (
				C0ECD1D01F9523F0008F90BE /* Debug */,
				C0ECD1D11F9523F0008F90BE /* Release */,
			);
			defaultConfigurationIsVisible = 0;
			defaultConfigurationName = Release;
		};
		C0ECD1D21F9523F0008F90BE /* Build configuration list for PBXNativeTarget "KurkowskiSeth_CE5" */ = {
			isa = XCConfigurationList;
			buildConfigurations = (
				C0ECD1D31F9523F0008F90BE /* Debug */,
				C0ECD1D41F9523F0008F90BE /* Release */,
			);
			defaultConfigurationIsVisible = 0;
			defaultConfigurationName = Release;
		};
		C0ECD1D51F9523F0008F90BE /* Build configuration list for PBXNativeTarget "KurkowskiSeth_CE5Tests" */ = {
			isa = XCConfigurationList;
			buildConfigurations = (
				C0ECD1D61F9523F0008F90BE /* Debug */,
				C0ECD1D71F9523F0008F90BE /* Release */,
			);
			defaultConfigurationIsVisible = 0;
			defaultConfigurationName = Release;
		};
/* End XCConfigurationList section */
	};
	rootObject = C0ECD1AD1F9523F0008F90BE /* Project object */;
}
